
Microsoft Visual Studio Solution File, Format Version 12.00
# Visual Studio Version 16
VisualStudioVersion = 16.0.30104.148
MinimumVisualStudioVersion = 10.0.40219.1
Project("{FAE04EC0-301F-11D3-BF4B-00C04F79EFBC}") = "Parseq", "Parseq\Parseq.csproj", "{F4846954-BE3B-4D48-99E6-126A3517E1F7}"
EndProject
Project("{FAE04EC0-301F-11D3-BF4B-00C04F79EFBC}") = "Test", "Test\Test.csproj", "{D5D37956-0B76-47C4-91B8-D15F6350E829}"
EndProject
Global
	GlobalSection(SolutionConfigurationPlatforms) = preSolution
		Debug|Any CPU = Debug|Any CPU
		Release|Any CPU = Release|Any CPU
	EndGlobalSection
	GlobalSection(ProjectConfigurationPlatforms) = postSolution
		{F4846954-BE3B-4D48-99E6-126A3517E1F7}.Debug|Any CPU.ActiveCfg = Debug|Any CPU
		{F4846954-BE3B-4D48-99E6-126A3517E1F7}.Debug|Any CPU.Build.0 = Debug|Any CPU
		{F4846954-BE3B-4D48-99E6-126A3517E1F7}.Release|Any CPU.ActiveCfg = Release|Any CPU
		{F4846954-BE3B-4D48-99E6-126A3517E1F7}.Release|Any CPU.Build.0 = Release|Any CPU
		{D5D37956-0B76-47C4-91B8-D15F6350E829}.Debug|Any CPU.ActiveCfg = Debug|Any CPU
		{D5D37956-0B76-47C4-91B8-D15F6350E829}.Debug|Any CPU.Build.0 = Debug|Any CPU
		{D5D37956-0B76-47C4-91B8-D15F6350E829}.Release|Any CPU.ActiveCfg = Release|Any CPU
		{D5D37956-0B76-47C4-91B8-D15F6350E829}.Release|Any CPU.Build.0 = Release|Any CPU
	EndGlobalSection
	GlobalSection(SolutionProperties) = preSolution
		HideSolutionNode = FALSE
	EndGlobalSection
	GlobalSection(ExtensibilityGlobals) = postSolution
		SolutionGuid = {E8BBA84B-C20A-40BA-B090-D1A39E77AD5F}
	EndGlobalSection
EndGlobal
